
Microsoft Visual Studio Solution File, Format Version 12.00
# Visual Studio Version 17
VisualStudioVersion = 17.7.34031.279
MinimumVisualStudioVersion = 10.0.40219.1
Project("{FAE04EC0-301F-11D3-BF4B-00C04F79EFBC}") = "Pool", "Pool\Pool.csproj", "{5C9D620D-E1A2-42DE-A90C-F056EE266513}"
EndProject
Global
	GlobalSection(SolutionConfigurationPlatforms) = preSolution
		Debug|Any CPU = Debug|Any CPU
		Release|Any CPU = Release|Any CPU
	EndGlobalSection
	GlobalSection(ProjectConfigurationPlatforms) = postSolution
		{5C9D620D-E1A2-42DE-A90C-F056EE266513}.Debug|Any CPU.ActiveCfg = Debug|Any CPU
		{5C9D620D-E1A2-42DE-A90C-F056EE266513}.Debug|Any CPU.Build.0 = Debug|Any CPU
		{5C9D620D-E1A2-42DE-A90C-F056EE266513}.Release|Any CPU.ActiveCfg = Release|Any CPU
		{5C9D620D-E1A2-42DE-A90C-F056EE266513}.Release|Any CPU.Build.0 = Release|Any CPU
	EndGlobalSection
	GlobalSection(SolutionProperties) = preSolution
		HideSolutionNode = FALSE
	EndGlobalSection
	GlobalSection(ExtensibilityGlobals) = postSolution
		SolutionGuid = {08CE6FB9-322F-41F6-B30D-287B3CF47315}
	EndGlobalSection
EndGlobal
